{
  "meteor": {},
  "dependencies": {
    "basePackages": {
      "npm": {},
      "famono": {}
    },
    "packages": {
      "npm": {
        "git": "https://github.com/arunoda/meteor-npm.git",
        "tag": "v0.2.6",
        "commit": "177ab6118de5bf8cffb19481343d5762ff7a2aaf"
      },
      "famono": {
        "git": "https://github.com/raix/Meteor-famono.git",
        "tag": "v0.4.6",
        "commit": "71d87155f75851b8e34f522df7bc261a4c2973c4"
      }
    }
  }
}
