{
  "name": "datalovehub",
  "version": "0.0.1",
  "lockfileVersion": 1,
  "requires": true,
  "dependencies": {
    "@okgrow/graphql-scalars": {
      "version": "0.4.0",
      "resolved": "https://registry.npmjs.org/@okgrow/graphql-scalars/-/graphql-scalars-0.4.0.tgz",
      "integrity": "sha512-mHyVig2wt2qTbLIoFfFeZmecNzg/xMFUxqDEqMl69WHiw6XILshXXVJESG8lorBnY+tGXepioLGwBOPWVoPKxw=="
    },
    "debug": {
      "version": "3.1.0",
      "resolved": "https://registry.npmjs.org/debug/-/debug-3.1.0.tgz",
      "integrity": "sha512-OX8XqP7/1a9cqkxYw2yXss15f26NKWBpDXQd0/uK/KPqdQhxbPa994hnzjcE2VqQpDslf55723cKPUOGSmMY3g==",
      "requires": {
        "ms": "2.0.0"
      }
    },
    "err-code": {
      "version": "1.1.2",
      "resolved": "https://registry.npmjs.org/err-code/-/err-code-1.1.2.tgz",
      "integrity": "sha1-BuARbTAo9q70gGhJ6w6mp0iuaWA="
    },
    "lock": {
      "version": "1.1.0",
      "resolved": "https://registry.npmjs.org/lock/-/lock-1.1.0.tgz",
      "integrity": "sha1-UxV0mdFlOxNspmRRBx/KYVcD+lU="
    },
    "ms": {
      "version": "2.0.0",
      "resolved": "https://registry.npmjs.org/ms/-/ms-2.0.0.tgz",
      "integrity": "sha1-VgiurfwAvmwpAd9fmGF4jeDVl8g="
    },
    "promise-retry": {
      "version": "1.1.1",
      "resolved": "https://registry.npmjs.org/promise-retry/-/promise-retry-1.1.1.tgz",
      "integrity": "sha1-ZznpaOMFHaIM5kl/srUPaRHfPW0=",
      "requires": {
        "err-code": "^1.0.0",
        "retry": "^0.10.0"
      }
    },
    "promise-transaction": {
      "version": "1.0.2",
      "resolved": "https://registry.npmjs.org/promise-transaction/-/promise-transaction-1.0.2.tgz",
      "integrity": "sha1-/e398CgYQCkxEYffilSyq7F0fcs=",
      "requires": {
        "debug": "^3.1.0",
        "promise-retry": "^1.1.1"
      }
    },
    "retry": {
      "version": "0.10.1",
      "resolved": "https://registry.npmjs.org/retry/-/retry-0.10.1.tgz",
      "integrity": "sha1-52OI0heZLCUnUCQdPTlW/tmNj/Q="
    }
  }
}
